
Microsoft Visual Studio Solution File, Format Version 12.00
# Visual Studio Version 16
VisualStudioVersion = 16.0.31624.102
MinimumVisualStudioVersion = 10.0.40219.1
Project("{8BC9CEB8-8B4A-11D0-8D11-00A0C91BC942}") = "Proj", "Proj\Proj.vcxproj", "{778143C1-0671-4458-BABF-42D541C71FCF}"
EndProject
Global
	GlobalSection(SolutionConfigurationPlatforms) = preSolution
		Debug|x64 = Debug|x64
		Debug|x86 = Debug|x86
		Release|x64 = Release|x64
		Release|x86 = Release|x86
	EndGlobalSection
	GlobalSection(ProjectConfigurationPlatforms) = postSolution
		{778143C1-0671-4458-BABF-42D541C71FCF}.Debug|x64.ActiveCfg = Debug|x64
		{778143C1-0671-4458-BABF-42D541C71FCF}.Debug|x64.Build.0 = Debug|x64
		{778143C1-0671-4458-BABF-42D541C71FCF}.Debug|x86.ActiveCfg = Debug|Win32
		{778143C1-0671-4458-BABF-42D541C71FCF}.Debug|x86.Build.0 = Debug|Win32
		{778143C1-0671-4458-BABF-42D541C71FCF}.Release|x64.ActiveCfg = Release|x64
		{778143C1-0671-4458-BABF-42D541C71FCF}.Release|x64.Build.0 = Release|x64
		{778143C1-0671-4458-BABF-42D541C71FCF}.Release|x86.ActiveCfg = Release|Win32
		{778143C1-0671-4458-BABF-42D541C71FCF}.Release|x86.Build.0 = Release|Win32
	EndGlobalSection
	GlobalSection(SolutionProperties) = preSolution
		HideSolutionNode = FALSE
	EndGlobalSection
	GlobalSection(ExtensibilityGlobals) = postSolution
		SolutionGuid = {4A50293B-7ADB-4EB8-8FCC-B143B38E309E}
	EndGlobalSection
EndGlobal
